
Microsoft Visual Studio Solution File, Format Version 12.00
# Visual Studio Version 17
VisualStudioVersion = 17.5.33516.290
MinimumVisualStudioVersion = 10.0.40219.1
Project("{9A19103F-16F7-4668-BE54-9A1E7A4F7556}") = "ShrimplyStoreWeb", "ShrimplyStoreWeb\ShrimplyStoreWeb.csproj", "{A6CAFDF8-830F-491D-B62E-480641115E86}"
EndProject
Project("{FAE04EC0-301F-11D3-BF4B-00C04F79EFBC}") = "ShrimplyStoreRazor", "ShrimplyStoreRazor\ShrimplyStoreRazor.csproj", "{F7AD1EB2-ED12-447C-9B0A-7319DC076F8D}"
EndProject
Global
	GlobalSection(SolutionConfigurationPlatforms) = preSolution
		Debug|Any CPU = Debug|Any CPU
		Release|Any CPU = Release|Any CPU
	EndGlobalSection
	GlobalSection(ProjectConfigurationPlatforms) = postSolution
		{A6CAFDF8-830F-491D-B62E-480641115E86}.Debug|Any CPU.ActiveCfg = Debug|Any CPU
		{A6CAFDF8-830F-491D-B62E-480641115E86}.Debug|Any CPU.Build.0 = Debug|Any CPU
		{A6CAFDF8-830F-491D-B62E-480641115E86}.Release|Any CPU.ActiveCfg = Release|Any CPU
		{A6CAFDF8-830F-491D-B62E-480641115E86}.Release|Any CPU.Build.0 = Release|Any CPU
		{F7AD1EB2-ED12-447C-9B0A-7319DC076F8D}.Debug|Any CPU.ActiveCfg = Debug|Any CPU
		{F7AD1EB2-ED12-447C-9B0A-7319DC076F8D}.Debug|Any CPU.Build.0 = Debug|Any CPU
		{F7AD1EB2-ED12-447C-9B0A-7319DC076F8D}.Release|Any CPU.ActiveCfg = Release|Any CPU
		{F7AD1EB2-ED12-447C-9B0A-7319DC076F8D}.Release|Any CPU.Build.0 = Release|Any CPU
	EndGlobalSection
	GlobalSection(SolutionProperties) = preSolution
		HideSolutionNode = FALSE
	EndGlobalSection
	GlobalSection(ExtensibilityGlobals) = postSolution
		SolutionGuid = {6F79EDED-788B-46BA-AC3D-064D95F1BB35}
	EndGlobalSection
EndGlobal
